
Microsoft Visual Studio Solution File, Format Version 12.00
# Visual Studio Version 17
VisualStudioVersion = 17.0.31612.314
MinimumVisualStudioVersion = 10.0.40219.1
Project("{9A19103F-16F7-4668-BE54-9A1E7A4F7556}") = "DrNet.Runtime.CompilerServices.UnsafeIn", "src\DrNet.Runtime.CompilerServices.UnsafeIn.csproj", "{602A0E43-633E-479F-B0D1-2BFD958AE00E}"
EndProject
Project("{9A19103F-16F7-4668-BE54-9A1E7A4F7556}") = "DrNet.Runtime.CompilerServices.UnsafeIn.Tests", "tests\DrNet.Runtime.CompilerServices.UnsafeIn.Tests.csproj", "{6AA3EFB1-236C-4DD0-B42D-4C8D85340E80}"
EndProject
Project("{2150E333-8FDC-42A3-9474-1A3956D46DE8}") = "src", "src", "{1207316A-3A1D-4102-B026-BC58F9740DB8}"
EndProject
Project("{2150E333-8FDC-42A3-9474-1A3956D46DE8}") = "tests", "tests", "{0ED61D24-9B69-43C9-A180-FED62D539DF3}"
EndProject
Project("{2150E333-8FDC-42A3-9474-1A3956D46DE8}") = "Solution Items", "Solution Items", "{523B55C6-E240-4680-9CAB-81302A5E41E7}"
	ProjectSection(SolutionItems) = preProject
		NugetPush.cmd = NugetPush.cmd
	EndProjectSection
EndProject
Global
	GlobalSection(SolutionConfigurationPlatforms) = preSolution
		Debug|Any CPU = Debug|Any CPU
		Release|Any CPU = Release|Any CPU
	EndGlobalSection
	GlobalSection(ProjectConfigurationPlatforms) = postSolution
		{602A0E43-633E-479F-B0D1-2BFD958AE00E}.Debug|Any CPU.ActiveCfg = Debug|Any CPU
		{602A0E43-633E-479F-B0D1-2BFD958AE00E}.Debug|Any CPU.Build.0 = Debug|Any CPU
		{602A0E43-633E-479F-B0D1-2BFD958AE00E}.Release|Any CPU.ActiveCfg = Release|Any CPU
		{602A0E43-633E-479F-B0D1-2BFD958AE00E}.Release|Any CPU.Build.0 = Release|Any CPU
		{6AA3EFB1-236C-4DD0-B42D-4C8D85340E80}.Debug|Any CPU.ActiveCfg = Debug|Any CPU
		{6AA3EFB1-236C-4DD0-B42D-4C8D85340E80}.Debug|Any CPU.Build.0 = Debug|Any CPU
		{6AA3EFB1-236C-4DD0-B42D-4C8D85340E80}.Release|Any CPU.ActiveCfg = Release|Any CPU
		{6AA3EFB1-236C-4DD0-B42D-4C8D85340E80}.Release|Any CPU.Build.0 = Release|Any CPU
	EndGlobalSection
	GlobalSection(SolutionProperties) = preSolution
		HideSolutionNode = FALSE
	EndGlobalSection
	GlobalSection(NestedProjects) = preSolution
		{602A0E43-633E-479F-B0D1-2BFD958AE00E} = {1207316A-3A1D-4102-B026-BC58F9740DB8}
		{6AA3EFB1-236C-4DD0-B42D-4C8D85340E80} = {0ED61D24-9B69-43C9-A180-FED62D539DF3}
	EndGlobalSection
	GlobalSection(ExtensibilityGlobals) = postSolution
		SolutionGuid = {EFFB302A-A798-4F84-ADA4-74CE17ADDE0B}
	EndGlobalSection
EndGlobal
