
Microsoft Visual Studio Solution File, Format Version 12.00
# Visual Studio Version 17
VisualStudioVersion = 17.0.31612.314
MinimumVisualStudioVersion = 10.0.40219.1
Project("{9A19103F-16F7-4668-BE54-9A1E7A4F7556}") = "DrNet.Math", "src\DrNet.Math.csproj", "{94E2EEFC-8DE0-42C4-981A-0667CECEA429}"
EndProject
Project("{2150E333-8FDC-42A3-9474-1A3956D46DE8}") = "src", "src", "{D3492F14-A495-4A07-9D9D-BC8E1C7928E6}"
EndProject
Project("{2150E333-8FDC-42A3-9474-1A3956D46DE8}") = "tests", "tests", "{62146E82-F77F-4751-9F56-209BEB82D784}"
EndProject
Project("{9A19103F-16F7-4668-BE54-9A1E7A4F7556}") = "DrNet.Math.Tests", "tests\DrNet.Math.Tests.csproj", "{8AB1E155-5725-4E46-AD7F-D891DE997D00}"
EndProject
Global
	GlobalSection(SolutionConfigurationPlatforms) = preSolution
		Debug|Any CPU = Debug|Any CPU
		Release|Any CPU = Release|Any CPU
	EndGlobalSection
	GlobalSection(ProjectConfigurationPlatforms) = postSolution
		{94E2EEFC-8DE0-42C4-981A-0667CECEA429}.Debug|Any CPU.ActiveCfg = Debug|Any CPU
		{94E2EEFC-8DE0-42C4-981A-0667CECEA429}.Debug|Any CPU.Build.0 = Debug|Any CPU
		{94E2EEFC-8DE0-42C4-981A-0667CECEA429}.Release|Any CPU.ActiveCfg = Release|Any CPU
		{94E2EEFC-8DE0-42C4-981A-0667CECEA429}.Release|Any CPU.Build.0 = Release|Any CPU
		{8AB1E155-5725-4E46-AD7F-D891DE997D00}.Debug|Any CPU.ActiveCfg = Debug|Any CPU
		{8AB1E155-5725-4E46-AD7F-D891DE997D00}.Debug|Any CPU.Build.0 = Debug|Any CPU
		{8AB1E155-5725-4E46-AD7F-D891DE997D00}.Release|Any CPU.ActiveCfg = Release|Any CPU
		{8AB1E155-5725-4E46-AD7F-D891DE997D00}.Release|Any CPU.Build.0 = Release|Any CPU
	EndGlobalSection
	GlobalSection(SolutionProperties) = preSolution
		HideSolutionNode = FALSE
	EndGlobalSection
	GlobalSection(NestedProjects) = preSolution
		{94E2EEFC-8DE0-42C4-981A-0667CECEA429} = {D3492F14-A495-4A07-9D9D-BC8E1C7928E6}
		{8AB1E155-5725-4E46-AD7F-D891DE997D00} = {62146E82-F77F-4751-9F56-209BEB82D784}
	EndGlobalSection
	GlobalSection(ExtensibilityGlobals) = postSolution
		SolutionGuid = {4D8CB4EF-5030-44EE-AFF6-CBCBB94E883D}
	EndGlobalSection
EndGlobal
