
Microsoft Visual Studio Solution File, Format Version 12.00
# Visual Studio Version 16
VisualStudioVersion = 16.0.31624.102
MinimumVisualStudioVersion = 10.0.40219.1
Project("{9A19103F-16F7-4668-BE54-9A1E7A4F7556}") = "System.Runtime.CompilerServices.UnsafeIn", "src\System.Runtime.CompilerServices.UnsafeIn.csproj", "{602A0E43-633E-479F-B0D1-2BFD958AE00E}"
EndProject
Project("{FAE04EC0-301F-11D3-BF4B-00C04F79EFBC}") = "System.Runtime.CompilerServices.UnsafeIn.Tests", "tests\System.Runtime.CompilerServices.UnsafeIn.Tests.csproj", "{6AA3EFB1-236C-4DD0-B42D-4C8D85340E80}"
EndProject
Global
	GlobalSection(SolutionConfigurationPlatforms) = preSolution
		Debug|Any CPU = Debug|Any CPU
		Release|Any CPU = Release|Any CPU
	EndGlobalSection
	GlobalSection(ProjectConfigurationPlatforms) = postSolution
		{602A0E43-633E-479F-B0D1-2BFD958AE00E}.Debug|Any CPU.ActiveCfg = Debug|Any CPU
		{602A0E43-633E-479F-B0D1-2BFD958AE00E}.Debug|Any CPU.Build.0 = Debug|Any CPU
		{602A0E43-633E-479F-B0D1-2BFD958AE00E}.Release|Any CPU.ActiveCfg = Release|Any CPU
		{602A0E43-633E-479F-B0D1-2BFD958AE00E}.Release|Any CPU.Build.0 = Release|Any CPU
		{6AA3EFB1-236C-4DD0-B42D-4C8D85340E80}.Debug|Any CPU.ActiveCfg = Debug|Any CPU
		{6AA3EFB1-236C-4DD0-B42D-4C8D85340E80}.Debug|Any CPU.Build.0 = Debug|Any CPU
		{6AA3EFB1-236C-4DD0-B42D-4C8D85340E80}.Release|Any CPU.ActiveCfg = Release|Any CPU
		{6AA3EFB1-236C-4DD0-B42D-4C8D85340E80}.Release|Any CPU.Build.0 = Release|Any CPU
	EndGlobalSection
	GlobalSection(SolutionProperties) = preSolution
		HideSolutionNode = FALSE
	EndGlobalSection
	GlobalSection(ExtensibilityGlobals) = postSolution
		SolutionGuid = {EFFB302A-A798-4F84-ADA4-74CE17ADDE0B}
	EndGlobalSection
EndGlobal
